
Microsoft Visual Studio Solution File, Format Version 12.00
# Visual Studio 15
VisualStudioVersion = 15.0.28307.421
MinimumVisualStudioVersion = 10.0.40219.1
Project("{FAE04EC0-301F-11D3-BF4B-00C04F79EFBC}") = "MVCPhone", "MVCPhone\MVCPhone.csproj", "{8C7D1316-F802-4A45-A62C-E6FD1DF23463}"
EndProject
Project("{FAE04EC0-301F-11D3-BF4B-00C04F79EFBC}") = "apiPhone", "apiPhone\apiPhone.csproj", "{1A941751-D6A2-4BC5-9475-67E075155FC5}"
EndProject
Project("{FAE04EC0-301F-11D3-BF4B-00C04F79EFBC}") = "appPhone.Android", "appPhone\appPhone.Android\appPhone.Android.csproj", "{E8B2883B-400E-415B-8E37-03C0C0ED39CA}"
EndProject
Project("{FAE04EC0-301F-11D3-BF4B-00C04F79EFBC}") = "appPhone.iOS", "appPhone\appPhone.iOS\appPhone.iOS.csproj", "{EE7F5CA8-44F7-475B-91EA-BCA19A269D66}"
EndProject
Project("{FAE04EC0-301F-11D3-BF4B-00C04F79EFBC}") = "appPhone", "appPhone\appPhone\appPhone.csproj", "{096A8A7E-1D5B-44F5-AF28-784B969AEC15}"
EndProject
Global
	GlobalSection(SolutionConfigurationPlatforms) = preSolution
		Ad-Hoc|Any CPU = Ad-Hoc|Any CPU
		Ad-Hoc|iPhone = Ad-Hoc|iPhone
		Ad-Hoc|iPhoneSimulator = Ad-Hoc|iPhoneSimulator
		AppStore|Any CPU = AppStore|Any CPU
		AppStore|iPhone = AppStore|iPhone
		AppStore|iPhoneSimulator = AppStore|iPhoneSimulator
		Debug|Any CPU = Debug|Any CPU
		Debug|iPhone = Debug|iPhone
		Debug|iPhoneSimulator = Debug|iPhoneSimulator
		Release|Any CPU = Release|Any CPU
		Release|iPhone = Release|iPhone
		Release|iPhoneSimulator = Release|iPhoneSimulator
	EndGlobalSection
	GlobalSection(ProjectConfigurationPlatforms) = postSolution
		{8C7D1316-F802-4A45-A62C-E6FD1DF23463}.Ad-Hoc|Any CPU.ActiveCfg = Release|Any CPU
		{8C7D1316-F802-4A45-A62C-E6FD1DF23463}.Ad-Hoc|Any CPU.Build.0 = Release|Any CPU
		{8C7D1316-F802-4A45-A62C-E6FD1DF23463}.Ad-Hoc|iPhone.ActiveCfg = Release|Any CPU
		{8C7D1316-F802-4A45-A62C-E6FD1DF23463}.Ad-Hoc|iPhone.Build.0 = Release|Any CPU
		{8C7D1316-F802-4A45-A62C-E6FD1DF23463}.Ad-Hoc|iPhoneSimulator.ActiveCfg = Release|Any CPU
		{8C7D1316-F802-4A45-A62C-E6FD1DF23463}.Ad-Hoc|iPhoneSimulator.Build.0 = Release|Any CPU
		{8C7D1316-F802-4A45-A62C-E6FD1DF23463}.AppStore|Any CPU.ActiveCfg = Release|Any CPU
		{8C7D1316-F802-4A45-A62C-E6FD1DF23463}.AppStore|Any CPU.Build.0 = Release|Any CPU
		{8C7D1316-F802-4A45-A62C-E6FD1DF23463}.AppStore|iPhone.ActiveCfg = Release|Any CPU
		{8C7D1316-F802-4A45-A62C-E6FD1DF23463}.AppStore|iPhone.Build.0 = Release|Any CPU
		{8C7D1316-F802-4A45-A62C-E6FD1DF23463}.AppStore|iPhoneSimulator.ActiveCfg = Release|Any CPU
		{8C7D1316-F802-4A45-A62C-E6FD1DF23463}.AppStore|iPhoneSimulator.Build.0 = Release|Any CPU
		{8C7D1316-F802-4A45-A62C-E6FD1DF23463}.Debug|Any CPU.ActiveCfg = Debug|Any CPU
		{8C7D1316-F802-4A45-A62C-E6FD1DF23463}.Debug|Any CPU.Build.0 = Debug|Any CPU
		{8C7D1316-F802-4A45-A62C-E6FD1DF23463}.Debug|iPhone.ActiveCfg = Debug|Any CPU
		{8C7D1316-F802-4A45-A62C-E6FD1DF23463}.Debug|iPhone.Build.0 = Debug|Any CPU
		{8C7D1316-F802-4A45-A62C-E6FD1DF23463}.Debug|iPhoneSimulator.ActiveCfg = Debug|Any CPU
		{8C7D1316-F802-4A45-A62C-E6FD1DF23463}.Debug|iPhoneSimulator.Build.0 = Debug|Any CPU
		{8C7D1316-F802-4A45-A62C-E6FD1DF23463}.Release|Any CPU.ActiveCfg = Release|Any CPU
		{8C7D1316-F802-4A45-A62C-E6FD1DF23463}.Release|Any CPU.Build.0 = Release|Any CPU
		{8C7D1316-F802-4A45-A62C-E6FD1DF23463}.Release|iPhone.ActiveCfg = Release|Any CPU
		{8C7D1316-F802-4A45-A62C-E6FD1DF23463}.Release|iPhone.Build.0 = Release|Any CPU
		{8C7D1316-F802-4A45-A62C-E6FD1DF23463}.Release|iPhoneSimulator.ActiveCfg = Release|Any CPU
		{8C7D1316-F802-4A45-A62C-E6FD1DF23463}.Release|iPhoneSimulator.Build.0 = Release|Any CPU
		{1A941751-D6A2-4BC5-9475-67E075155FC5}.Ad-Hoc|Any CPU.ActiveCfg = Release|Any CPU
		{1A941751-D6A2-4BC5-9475-67E075155FC5}.Ad-Hoc|Any CPU.Build.0 = Release|Any CPU
		{1A941751-D6A2-4BC5-9475-67E075155FC5}.Ad-Hoc|iPhone.ActiveCfg = Release|Any CPU
		{1A941751-D6A2-4BC5-9475-67E075155FC5}.Ad-Hoc|iPhone.Build.0 = Release|Any CPU
		{1A941751-D6A2-4BC5-9475-67E075155FC5}.Ad-Hoc|iPhoneSimulator.ActiveCfg = Release|Any CPU
		{1A941751-D6A2-4BC5-9475-67E075155FC5}.Ad-Hoc|iPhoneSimulator.Build.0 = Release|Any CPU
		{1A941751-D6A2-4BC5-9475-67E075155FC5}.AppStore|Any CPU.ActiveCfg = Release|Any CPU
		{1A941751-D6A2-4BC5-9475-67E075155FC5}.AppStore|Any CPU.Build.0 = Release|Any CPU
		{1A941751-D6A2-4BC5-9475-67E075155FC5}.AppStore|iPhone.ActiveCfg = Release|Any CPU
		{1A941751-D6A2-4BC5-9475-67E075155FC5}.AppStore|iPhone.Build.0 = Release|Any CPU
		{1A941751-D6A2-4BC5-9475-67E075155FC5}.AppStore|iPhoneSimulator.ActiveCfg = Release|Any CPU
		{1A941751-D6A2-4BC5-9475-67E075155FC5}.AppStore|iPhoneSimulator.Build.0 = Release|Any CPU
		{1A941751-D6A2-4BC5-9475-67E075155FC5}.Debug|Any CPU.ActiveCfg = Debug|Any CPU
		{1A941751-D6A2-4BC5-9475-67E075155FC5}.Debug|Any CPU.Build.0 = Debug|Any CPU
		{1A941751-D6A2-4BC5-9475-67E075155FC5}.Debug|iPhone.ActiveCfg = Debug|Any CPU
		{1A941751-D6A2-4BC5-9475-67E075155FC5}.Debug|iPhone.Build.0 = Debug|Any CPU
		{1A941751-D6A2-4BC5-9475-67E075155FC5}.Debug|iPhoneSimulator.ActiveCfg = Debug|Any CPU
		{1A941751-D6A2-4BC5-9475-67E075155FC5}.Debug|iPhoneSimulator.Build.0 = Debug|Any CPU
		{1A941751-D6A2-4BC5-9475-67E075155FC5}.Release|Any CPU.ActiveCfg = Release|Any CPU
		{1A941751-D6A2-4BC5-9475-67E075155FC5}.Release|Any CPU.Build.0 = Release|Any CPU
		{1A941751-D6A2-4BC5-9475-67E075155FC5}.Release|iPhone.ActiveCfg = Release|Any CPU
		{1A941751-D6A2-4BC5-9475-67E075155FC5}.Release|iPhone.Build.0 = Release|Any CPU
		{1A941751-D6A2-4BC5-9475-67E075155FC5}.Release|iPhoneSimulator.ActiveCfg = Release|Any CPU
		{1A941751-D6A2-4BC5-9475-67E075155FC5}.Release|iPhoneSimulator.Build.0 = Release|Any CPU
		{E8B2883B-400E-415B-8E37-03C0C0ED39CA}.Ad-Hoc|Any CPU.ActiveCfg = Release|Any CPU
		{E8B2883B-400E-415B-8E37-03C0C0ED39CA}.Ad-Hoc|Any CPU.Build.0 = Release|Any CPU
		{E8B2883B-400E-415B-8E37-03C0C0ED39CA}.Ad-Hoc|Any CPU.Deploy.0 = Release|Any CPU
		{E8B2883B-400E-415B-8E37-03C0C0ED39CA}.Ad-Hoc|iPhone.ActiveCfg = Release|Any CPU
		{E8B2883B-400E-415B-8E37-03C0C0ED39CA}.Ad-Hoc|iPhone.Build.0 = Release|Any CPU
		{E8B2883B-400E-415B-8E37-03C0C0ED39CA}.Ad-Hoc|iPhone.Deploy.0 = Release|Any CPU
		{E8B2883B-400E-415B-8E37-03C0C0ED39CA}.Ad-Hoc|iPhoneSimulator.ActiveCfg = Release|Any CPU
		{E8B2883B-400E-415B-8E37-03C0C0ED39CA}.Ad-Hoc|iPhoneSimulator.Build.0 = Release|Any CPU
		{E8B2883B-400E-415B-8E37-03C0C0ED39CA}.Ad-Hoc|iPhoneSimulator.Deploy.0 = Release|Any CPU
		{E8B2883B-400E-415B-8E37-03C0C0ED39CA}.AppStore|Any CPU.ActiveCfg = Release|Any CPU
		{E8B2883B-400E-415B-8E37-03C0C0ED39CA}.AppStore|Any CPU.Build.0 = Release|Any CPU
		{E8B2883B-400E-415B-8E37-03C0C0ED39CA}.AppStore|Any CPU.Deploy.0 = Release|Any CPU
		{E8B2883B-400E-415B-8E37-03C0C0ED39CA}.AppStore|iPhone.ActiveCfg = Release|Any CPU
		{E8B2883B-400E-415B-8E37-03C0C0ED39CA}.AppStore|iPhone.Build.0 = Release|Any CPU
		{E8B2883B-400E-415B-8E37-03C0C0ED39CA}.AppStore|iPhone.Deploy.0 = Release|Any CPU
		{E8B2883B-400E-415B-8E37-03C0C0ED39CA}.AppStore|iPhoneSimulator.ActiveCfg = Release|Any CPU
		{E8B2883B-400E-415B-8E37-03C0C0ED39CA}.AppStore|iPhoneSimulator.Build.0 = Release|Any CPU
		{E8B2883B-400E-415B-8E37-03C0C0ED39CA}.AppStore|iPhoneSimulator.Deploy.0 = Release|Any CPU
		{E8B2883B-400E-415B-8E37-03C0C0ED39CA}.Debug|Any CPU.ActiveCfg = Debug|Any CPU
		{E8B2883B-400E-415B-8E37-03C0C0ED39CA}.Debug|Any CPU.Build.0 = Debug|Any CPU
		{E8B2883B-400E-415B-8E37-03C0C0ED39CA}.Debug|Any CPU.Deploy.0 = Debug|Any CPU
		{E8B2883B-400E-415B-8E37-03C0C0ED39CA}.Debug|iPhone.ActiveCfg = Debug|Any CPU
		{E8B2883B-400E-415B-8E37-03C0C0ED39CA}.Debug|iPhone.Build.0 = Debug|Any CPU
		{E8B2883B-400E-415B-8E37-03C0C0ED39CA}.Debug|iPhone.Deploy.0 = Debug|Any CPU
		{E8B2883B-400E-415B-8E37-03C0C0ED39CA}.Debug|iPhoneSimulator.ActiveCfg = Debug|Any CPU
		{E8B2883B-400E-415B-8E37-03C0C0ED39CA}.Debug|iPhoneSimulator.Build.0 = Debug|Any CPU
		{E8B2883B-400E-415B-8E37-03C0C0ED39CA}.Debug|iPhoneSimulator.Deploy.0 = Debug|Any CPU
		{E8B2883B-400E-415B-8E37-03C0C0ED39CA}.Release|Any CPU.ActiveCfg = Release|Any CPU
		{E8B2883B-400E-415B-8E37-03C0C0ED39CA}.Release|Any CPU.Build.0 = Release|Any CPU
		{E8B2883B-400E-415B-8E37-03C0C0ED39CA}.Release|Any CPU.Deploy.0 = Release|Any CPU
		{E8B2883B-400E-415B-8E37-03C0C0ED39CA}.Release|iPhone.ActiveCfg = Release|Any CPU
		{E8B2883B-400E-415B-8E37-03C0C0ED39CA}.Release|iPhone.Build.0 = Release|Any CPU
		{E8B2883B-400E-415B-8E37-03C0C0ED39CA}.Release|iPhone.Deploy.0 = Release|Any CPU
		{E8B2883B-400E-415B-8E37-03C0C0ED39CA}.Release|iPhoneSimulator.ActiveCfg = Release|Any CPU
		{E8B2883B-400E-415B-8E37-03C0C0ED39CA}.Release|iPhoneSimulator.Build.0 = Release|Any CPU
		{E8B2883B-400E-415B-8E37-03C0C0ED39CA}.Release|iPhoneSimulator.Deploy.0 = Release|Any CPU
		{EE7F5CA8-44F7-475B-91EA-BCA19A269D66}.Ad-Hoc|Any CPU.ActiveCfg = Ad-Hoc|iPhone
		{EE7F5CA8-44F7-475B-91EA-BCA19A269D66}.Ad-Hoc|iPhone.ActiveCfg = Ad-Hoc|iPhone
		{EE7F5CA8-44F7-475B-91EA-BCA19A269D66}.Ad-Hoc|iPhone.Build.0 = Ad-Hoc|iPhone
		{EE7F5CA8-44F7-475B-91EA-BCA19A269D66}.Ad-Hoc|iPhoneSimulator.ActiveCfg = Ad-Hoc|iPhoneSimulator
		{EE7F5CA8-44F7-475B-91EA-BCA19A269D66}.Ad-Hoc|iPhoneSimulator.Build.0 = Ad-Hoc|iPhoneSimulator
		{EE7F5CA8-44F7-475B-91EA-BCA19A269D66}.AppStore|Any CPU.ActiveCfg = AppStore|iPhone
		{EE7F5CA8-44F7-475B-91EA-BCA19A269D66}.AppStore|iPhone.ActiveCfg = AppStore|iPhone
		{EE7F5CA8-44F7-475B-91EA-BCA19A269D66}.AppStore|iPhone.Build.0 = AppStore|iPhone
		{EE7F5CA8-44F7-475B-91EA-BCA19A269D66}.AppStore|iPhoneSimulator.ActiveCfg = AppStore|iPhoneSimulator
		{EE7F5CA8-44F7-475B-91EA-BCA19A269D66}.AppStore|iPhoneSimulator.Build.0 = AppStore|iPhoneSimulator
		{EE7F5CA8-44F7-475B-91EA-BCA19A269D66}.Debug|Any CPU.ActiveCfg = Debug|iPhone
		{EE7F5CA8-44F7-475B-91EA-BCA19A269D66}.Debug|iPhone.ActiveCfg = Debug|iPhone
		{EE7F5CA8-44F7-475B-91EA-BCA19A269D66}.Debug|iPhone.Build.0 = Debug|iPhone
		{EE7F5CA8-44F7-475B-91EA-BCA19A269D66}.Debug|iPhoneSimulator.ActiveCfg = Debug|iPhoneSimulator
		{EE7F5CA8-44F7-475B-91EA-BCA19A269D66}.Debug|iPhoneSimulator.Build.0 = Debug|iPhoneSimulator
		{EE7F5CA8-44F7-475B-91EA-BCA19A269D66}.Release|Any CPU.ActiveCfg = Release|iPhone
		{EE7F5CA8-44F7-475B-91EA-BCA19A269D66}.Release|iPhone.ActiveCfg = Release|iPhone
		{EE7F5CA8-44F7-475B-91EA-BCA19A269D66}.Release|iPhone.Build.0 = Release|iPhone
		{EE7F5CA8-44F7-475B-91EA-BCA19A269D66}.Release|iPhoneSimulator.ActiveCfg = Release|iPhoneSimulator
		{EE7F5CA8-44F7-475B-91EA-BCA19A269D66}.Release|iPhoneSimulator.Build.0 = Release|iPhoneSimulator
		{096A8A7E-1D5B-44F5-AF28-784B969AEC15}.Ad-Hoc|Any CPU.ActiveCfg = Debug|Any CPU
		{096A8A7E-1D5B-44F5-AF28-784B969AEC15}.Ad-Hoc|Any CPU.Build.0 = Debug|Any CPU
		{096A8A7E-1D5B-44F5-AF28-784B969AEC15}.Ad-Hoc|iPhone.ActiveCfg = Debug|Any CPU
		{096A8A7E-1D5B-44F5-AF28-784B969AEC15}.Ad-Hoc|iPhone.Build.0 = Debug|Any CPU
		{096A8A7E-1D5B-44F5-AF28-784B969AEC15}.Ad-Hoc|iPhoneSimulator.ActiveCfg = Debug|Any CPU
		{096A8A7E-1D5B-44F5-AF28-784B969AEC15}.Ad-Hoc|iPhoneSimulator.Build.0 = Debug|Any CPU
		{096A8A7E-1D5B-44F5-AF28-784B969AEC15}.AppStore|Any CPU.ActiveCfg = Debug|Any CPU
		{096A8A7E-1D5B-44F5-AF28-784B969AEC15}.AppStore|Any CPU.Build.0 = Debug|Any CPU
		{096A8A7E-1D5B-44F5-AF28-784B969AEC15}.AppStore|iPhone.ActiveCfg = Debug|Any CPU
		{096A8A7E-1D5B-44F5-AF28-784B969AEC15}.AppStore|iPhone.Build.0 = Debug|Any CPU
		{096A8A7E-1D5B-44F5-AF28-784B969AEC15}.AppStore|iPhoneSimulator.ActiveCfg = Debug|Any CPU
		{096A8A7E-1D5B-44F5-AF28-784B969AEC15}.AppStore|iPhoneSimulator.Build.0 = Debug|Any CPU
		{096A8A7E-1D5B-44F5-AF28-784B969AEC15}.Debug|Any CPU.ActiveCfg = Debug|Any CPU
		{096A8A7E-1D5B-44F5-AF28-784B969AEC15}.Debug|Any CPU.Build.0 = Debug|Any CPU
		{096A8A7E-1D5B-44F5-AF28-784B969AEC15}.Debug|iPhone.ActiveCfg = Debug|Any CPU
		{096A8A7E-1D5B-44F5-AF28-784B969AEC15}.Debug|iPhone.Build.0 = Debug|Any CPU
		{096A8A7E-1D5B-44F5-AF28-784B969AEC15}.Debug|iPhoneSimulator.ActiveCfg = Debug|Any CPU
		{096A8A7E-1D5B-44F5-AF28-784B969AEC15}.Debug|iPhoneSimulator.Build.0 = Debug|Any CPU
		{096A8A7E-1D5B-44F5-AF28-784B969AEC15}.Release|Any CPU.ActiveCfg = Release|Any CPU
		{096A8A7E-1D5B-44F5-AF28-784B969AEC15}.Release|Any CPU.Build.0 = Release|Any CPU
		{096A8A7E-1D5B-44F5-AF28-784B969AEC15}.Release|iPhone.ActiveCfg = Release|Any CPU
		{096A8A7E-1D5B-44F5-AF28-784B969AEC15}.Release|iPhone.Build.0 = Release|Any CPU
		{096A8A7E-1D5B-44F5-AF28-784B969AEC15}.Release|iPhoneSimulator.ActiveCfg = Release|Any CPU
		{096A8A7E-1D5B-44F5-AF28-784B969AEC15}.Release|iPhoneSimulator.Build.0 = Release|Any CPU
	EndGlobalSection
	GlobalSection(SolutionProperties) = preSolution
		HideSolutionNode = FALSE
	EndGlobalSection
	GlobalSection(ExtensibilityGlobals) = postSolution
		SolutionGuid = {7AA8D440-8836-4581-8035-EBCF5BCB858C}
	EndGlobalSection
EndGlobal
